
Microsoft Visual Studio Solution File, Format Version 12.00
# Visual Studio Version 17
VisualStudioVersion = 17.2.32602.215
MinimumVisualStudioVersion = 10.0.40219.1
Project("{9A19103F-16F7-4668-BE54-9A1E7A4F7556}") = "LoudPizza", "LoudPizza\LoudPizza.csproj", "{9A77CC06-8F59-4C6F-A4D0-DB996ED6D702}"
EndProject
Project("{9A19103F-16F7-4668-BE54-9A1E7A4F7556}") = "LoudPizza.Vorbis", "LoudPizza.Vorbis\LoudPizza.Vorbis.csproj", "{B38584DF-11DB-4B38-A65A-EAD46ED4C589}"
EndProject
Project("{9A19103F-16F7-4668-BE54-9A1E7A4F7556}") = "LoudPizza.Mp3", "LoudPizza.Mp3\LoudPizza.Mp3.csproj", "{BDA224D5-3DD3-45FE-87CE-FB2B0918BE6D}"
EndProject
Global
	GlobalSection(SolutionConfigurationPlatforms) = preSolution
		Debug|Any CPU = Debug|Any CPU
		Release|Any CPU = Release|Any CPU
	EndGlobalSection
	GlobalSection(ProjectConfigurationPlatforms) = postSolution
		{9A77CC06-8F59-4C6F-A4D0-DB996ED6D702}.Debug|Any CPU.ActiveCfg = Debug|Any CPU
		{9A77CC06-8F59-4C6F-A4D0-DB996ED6D702}.Debug|Any CPU.Build.0 = Debug|Any CPU
		{9A77CC06-8F59-4C6F-A4D0-DB996ED6D702}.Release|Any CPU.ActiveCfg = Release|Any CPU
		{9A77CC06-8F59-4C6F-A4D0-DB996ED6D702}.Release|Any CPU.Build.0 = Release|Any CPU
		{B38584DF-11DB-4B38-A65A-EAD46ED4C589}.Debug|Any CPU.ActiveCfg = Debug|Any CPU
		{B38584DF-11DB-4B38-A65A-EAD46ED4C589}.Debug|Any CPU.Build.0 = Debug|Any CPU
		{B38584DF-11DB-4B38-A65A-EAD46ED4C589}.Release|Any CPU.ActiveCfg = Release|Any CPU
		{B38584DF-11DB-4B38-A65A-EAD46ED4C589}.Release|Any CPU.Build.0 = Release|Any CPU
		{BDA224D5-3DD3-45FE-87CE-FB2B0918BE6D}.Debug|Any CPU.ActiveCfg = Debug|Any CPU
		{BDA224D5-3DD3-45FE-87CE-FB2B0918BE6D}.Debug|Any CPU.Build.0 = Debug|Any CPU
		{BDA224D5-3DD3-45FE-87CE-FB2B0918BE6D}.Release|Any CPU.ActiveCfg = Release|Any CPU
		{BDA224D5-3DD3-45FE-87CE-FB2B0918BE6D}.Release|Any CPU.Build.0 = Release|Any CPU
	EndGlobalSection
	GlobalSection(SolutionProperties) = preSolution
		HideSolutionNode = FALSE
	EndGlobalSection
	GlobalSection(ExtensibilityGlobals) = postSolution
		SolutionGuid = {1BE42BFE-090C-4DE8-82DC-297907A6050E}
	EndGlobalSection
EndGlobal
